Microsoft Visual Studio Solution File, Format Version 12.00
# Visual Studio Version 17
VisualStudioVersion = 17.5.2.0
MinimumVisualStudioVersion = 10.0.40219.1
Project("{FAE04EC0-301F-11D3-BF4B-00C04F79EFBC}") = "project 1", "project 1.csproj", "{7372E3CE-39EA-F567-1176-816D11733876}"
EndProject
Global
	GlobalSection(SolutionConfigurationPlatforms) = preSolution
		Debug|Any CPU = Debug|Any CPU
		Release|Any CPU = Release|Any CPU
	EndGlobalSection
	GlobalSection(ProjectConfigurationPlatforms) = postSolution
		{7372E3CE-39EA-F567-1176-816D11733876}.Debug|Any CPU.ActiveCfg = Debug|Any CPU
		{7372E3CE-39EA-F567-1176-816D11733876}.Debug|Any CPU.Build.0 = Debug|Any CPU
		{7372E3CE-39EA-F567-1176-816D11733876}.Release|Any CPU.ActiveCfg = Release|Any CPU
		{7372E3CE-39EA-F567-1176-816D11733876}.Release|Any CPU.Build.0 = Release|Any CPU
	EndGlobalSection
	GlobalSection(SolutionProperties) = preSolution
		HideSolutionNode = FALSE
	EndGlobalSection
	GlobalSection(ExtensibilityGlobals) = postSolution
		SolutionGuid = {757CC987-1056-4481-B98C-A6BE0A33724E}
	EndGlobalSection
EndGlobal
